
Microsoft Visual Studio Solution File, Format Version 12.00
# Visual Studio Version 16
VisualStudioVersion = 16.0.30413.136
MinimumVisualStudioVersion = 10.0.40219.1
Project("{9A19103F-16F7-4668-BE54-9A1E7A4F7556}") = "ChannelEngineConsoleApp", "ChannelEngineApp\ChannelEngineConsoleApp.csproj", "{88735921-820B-44F3-B793-4716C886540F}"
EndProject
Global
	GlobalSection(SolutionConfigurationPlatforms) = preSolution
		Debug|Any CPU = Debug|Any CPU
		Release|Any CPU = Release|Any CPU
	EndGlobalSection
	GlobalSection(ProjectConfigurationPlatforms) = postSolution
		{88735921-820B-44F3-B793-4716C886540F}.Debug|Any CPU.ActiveCfg = Debug|Any CPU
		{88735921-820B-44F3-B793-4716C886540F}.Debug|Any CPU.Build.0 = Debug|Any CPU
		{88735921-820B-44F3-B793-4716C886540F}.Release|Any CPU.ActiveCfg = Release|Any CPU
		{88735921-820B-44F3-B793-4716C886540F}.Release|Any CPU.Build.0 = Release|Any CPU
	EndGlobalSection
	GlobalSection(SolutionProperties) = preSolution
		HideSolutionNode = FALSE
	EndGlobalSection
	GlobalSection(ExtensibilityGlobals) = postSolution
		SolutionGuid = {A3E7D354-EB97-4C4E-BDD7-27E40CDDF0EB}
	EndGlobalSection
EndGlobal
