
Microsoft Visual Studio Solution File, Format Version 12.00
# Visual Studio Version 16
VisualStudioVersion = 16.0.30413.136
MinimumVisualStudioVersion = 10.0.40219.1
Project("{9A19103F-16F7-4668-BE54-9A1E7A4F7556}") = "ChannelEngineConsoleApp", "ChannelEngineApp\ChannelEngineConsoleApp.csproj", "{88735921-820B-44F3-B793-4716C886540F}"
EndProject
Project("{9A19103F-16F7-4668-BE54-9A1E7A4F7556}") = "Contracts", "Contracts\Contracts.csproj", "{B61AD79B-187F-4369-A285-437E74B4324D}"
EndProject
Project("{9A19103F-16F7-4668-BE54-9A1E7A4F7556}") = "Services", "Services\Services.csproj", "{48FE2562-BA12-4BE5-AF99-124F768EDA6A}"
EndProject
Project("{9A19103F-16F7-4668-BE54-9A1E7A4F7556}") = "Models", "Models\Models.csproj", "{5BD3200A-3E9B-464A-B6EF-475D37504E7B}"
EndProject
Project("{FAE04EC0-301F-11D3-BF4B-00C04F79EFBC}") = "Shared", "Shared\Shared.csproj", "{C70E94AD-E06F-4765-AF35-C21E404E5037}"
EndProject
Global
	GlobalSection(SolutionConfigurationPlatforms) = preSolution
		Debug|Any CPU = Debug|Any CPU
		Release|Any CPU = Release|Any CPU
	EndGlobalSection
	GlobalSection(ProjectConfigurationPlatforms) = postSolution
		{88735921-820B-44F3-B793-4716C886540F}.Debug|Any CPU.ActiveCfg = Debug|Any CPU
		{88735921-820B-44F3-B793-4716C886540F}.Debug|Any CPU.Build.0 = Debug|Any CPU
		{88735921-820B-44F3-B793-4716C886540F}.Release|Any CPU.ActiveCfg = Release|Any CPU
		{88735921-820B-44F3-B793-4716C886540F}.Release|Any CPU.Build.0 = Release|Any CPU
		{B61AD79B-187F-4369-A285-437E74B4324D}.Debug|Any CPU.ActiveCfg = Debug|Any CPU
		{B61AD79B-187F-4369-A285-437E74B4324D}.Debug|Any CPU.Build.0 = Debug|Any CPU
		{B61AD79B-187F-4369-A285-437E74B4324D}.Release|Any CPU.ActiveCfg = Release|Any CPU
		{B61AD79B-187F-4369-A285-437E74B4324D}.Release|Any CPU.Build.0 = Release|Any CPU
		{48FE2562-BA12-4BE5-AF99-124F768EDA6A}.Debug|Any CPU.ActiveCfg = Debug|Any CPU
		{48FE2562-BA12-4BE5-AF99-124F768EDA6A}.Debug|Any CPU.Build.0 = Debug|Any CPU
		{48FE2562-BA12-4BE5-AF99-124F768EDA6A}.Release|Any CPU.ActiveCfg = Release|Any CPU
		{48FE2562-BA12-4BE5-AF99-124F768EDA6A}.Release|Any CPU.Build.0 = Release|Any CPU
		{5BD3200A-3E9B-464A-B6EF-475D37504E7B}.Debug|Any CPU.ActiveCfg = Debug|Any CPU
		{5BD3200A-3E9B-464A-B6EF-475D37504E7B}.Debug|Any CPU.Build.0 = Debug|Any CPU
		{5BD3200A-3E9B-464A-B6EF-475D37504E7B}.Release|Any CPU.ActiveCfg = Release|Any CPU
		{5BD3200A-3E9B-464A-B6EF-475D37504E7B}.Release|Any CPU.Build.0 = Release|Any CPU
		{C70E94AD-E06F-4765-AF35-C21E404E5037}.Debug|Any CPU.ActiveCfg = Debug|Any CPU
		{C70E94AD-E06F-4765-AF35-C21E404E5037}.Debug|Any CPU.Build.0 = Debug|Any CPU
		{C70E94AD-E06F-4765-AF35-C21E404E5037}.Release|Any CPU.ActiveCfg = Release|Any CPU
		{C70E94AD-E06F-4765-AF35-C21E404E5037}.Release|Any CPU.Build.0 = Release|Any CPU
	EndGlobalSection
	GlobalSection(SolutionProperties) = preSolution
		HideSolutionNode = FALSE
	EndGlobalSection
	GlobalSection(ExtensibilityGlobals) = postSolution
		SolutionGuid = {A3E7D354-EB97-4C4E-BDD7-27E40CDDF0EB}
	EndGlobalSection
EndGlobal
